
Microsoft Visual Studio Solution File, Format Version 12.00
# Visual Studio Version 16
VisualStudioVersion = 16.0.31624.102
MinimumVisualStudioVersion = 10.0.40219.1
Project("{9A19103F-16F7-4668-BE54-9A1E7A4F7556}") = "WebService", "WebService.csproj", "{F73A618D-373B-4E14-9FE8-1FF2434495B6}"
EndProject
Project("{FAE04EC0-301F-11D3-BF4B-00C04F79EFBC}") = "WebService.UnitTests", "..\WebService.UnitTests\WebService.UnitTests.csproj", "{E6F7B544-90AF-44CD-87A7-42BCA9798A0E}"
EndProject
Global
	GlobalSection(SolutionConfigurationPlatforms) = preSolution
		Debug|Any CPU = Debug|Any CPU
		Release|Any CPU = Release|Any CPU
	EndGlobalSection
	GlobalSection(ProjectConfigurationPlatforms) = postSolution
		{F73A618D-373B-4E14-9FE8-1FF2434495B6}.Debug|Any CPU.ActiveCfg = Debug|Any CPU
		{F73A618D-373B-4E14-9FE8-1FF2434495B6}.Debug|Any CPU.Build.0 = Debug|Any CPU
		{F73A618D-373B-4E14-9FE8-1FF2434495B6}.Release|Any CPU.ActiveCfg = Release|Any CPU
		{F73A618D-373B-4E14-9FE8-1FF2434495B6}.Release|Any CPU.Build.0 = Release|Any CPU
		{E6F7B544-90AF-44CD-87A7-42BCA9798A0E}.Debug|Any CPU.ActiveCfg = Debug|Any CPU
		{E6F7B544-90AF-44CD-87A7-42BCA9798A0E}.Debug|Any CPU.Build.0 = Debug|Any CPU
		{E6F7B544-90AF-44CD-87A7-42BCA9798A0E}.Release|Any CPU.ActiveCfg = Release|Any CPU
		{E6F7B544-90AF-44CD-87A7-42BCA9798A0E}.Release|Any CPU.Build.0 = Release|Any CPU
	EndGlobalSection
	GlobalSection(SolutionProperties) = preSolution
		HideSolutionNode = FALSE
	EndGlobalSection
	GlobalSection(ExtensibilityGlobals) = postSolution
		SolutionGuid = {C5D3EB58-B2BB-44A1-8610-56D87F06DF90}
	EndGlobalSection
EndGlobal
